
Microsoft Visual Studio Solution File, Format Version 12.00
# Visual Studio Version 17
VisualStudioVersion = 17.4.33213.308
MinimumVisualStudioVersion = 10.0.40219.1
Project("{2150E333-8FDC-42A3-9474-1A3956D46DE8}") = "Products", "Products", "{606346BD-26FF-4AC5-8961-D26C3CF4166D}"
EndProject
Project("{2150E333-8FDC-42A3-9474-1A3956D46DE8}") = "Tests", "Tests", "{B569BD0B-F7ED-458F-B929-2152D372528E}"
EndProject
Project("{2150E333-8FDC-42A3-9474-1A3956D46DE8}") = "Src", "Src", "{0A6D5EED-466F-49C5-9943-1AF12A674C0B}"
EndProject
Project("{2150E333-8FDC-42A3-9474-1A3956D46DE8}") = "Core", "Core", "{AADA84D3-A488-45DB-9AB1-844F3F1AA5BB}"
EndProject
Project("{2150E333-8FDC-42A3-9474-1A3956D46DE8}") = "Infrastructure", "Infrastructure", "{53527F48-A1BC-4A9C-834A-5032177CF9FF}"
EndProject
Project("{9A19103F-16F7-4668-BE54-9A1E7A4F7556}") = "Application", "Products\Src\Core\Application\Application.csproj", "{26D5FFBA-EDEC-48FF-9DCB-84B57469C988}"
EndProject
Project("{9A19103F-16F7-4668-BE54-9A1E7A4F7556}") = "Common", "Products\Src\Core\Common\Common.csproj", "{A26BF4A0-4E49-4EA9-B8BA-FA123BCFFFB5}"
EndProject
Project("{9A19103F-16F7-4668-BE54-9A1E7A4F7556}") = "Domain", "Products\Src\Core\Domain\Domain.csproj", "{FF057BD6-5712-4EBB-8FD8-877CE37FA2F8}"
EndProject
Project("{9A19103F-16F7-4668-BE54-9A1E7A4F7556}") = "Infrastructure", "Products\Src\Infrastructure\Infrastructure\Infrastructure.csproj", "{6EF62E35-6BAC-44F3-91F6-49E2BA32B4CA}"
EndProject
Project("{9A19103F-16F7-4668-BE54-9A1E7A4F7556}") = "Persistence", "Products\Src\Infrastructure\Persistence\Persistence.csproj", "{45413337-F7C2-4E16-9D90-2430CA33D9D8}"
EndProject
Project("{9A19103F-16F7-4668-BE54-9A1E7A4F7556}") = "Products.API", "Products\Src\Products.API\Products.API.csproj", "{8019ED07-BF91-41DC-9B10-3CF62D8273EA}"
EndProject
Global
	GlobalSection(SolutionConfigurationPlatforms) = preSolution
		Debug|Any CPU = Debug|Any CPU
		Release|Any CPU = Release|Any CPU
	EndGlobalSection
	GlobalSection(ProjectConfigurationPlatforms) = postSolution
		{26D5FFBA-EDEC-48FF-9DCB-84B57469C988}.Debug|Any CPU.ActiveCfg = Debug|Any CPU
		{26D5FFBA-EDEC-48FF-9DCB-84B57469C988}.Debug|Any CPU.Build.0 = Debug|Any CPU
		{26D5FFBA-EDEC-48FF-9DCB-84B57469C988}.Release|Any CPU.ActiveCfg = Release|Any CPU
		{26D5FFBA-EDEC-48FF-9DCB-84B57469C988}.Release|Any CPU.Build.0 = Release|Any CPU
		{A26BF4A0-4E49-4EA9-B8BA-FA123BCFFFB5}.Debug|Any CPU.ActiveCfg = Debug|Any CPU
		{A26BF4A0-4E49-4EA9-B8BA-FA123BCFFFB5}.Debug|Any CPU.Build.0 = Debug|Any CPU
		{A26BF4A0-4E49-4EA9-B8BA-FA123BCFFFB5}.Release|Any CPU.ActiveCfg = Release|Any CPU
		{A26BF4A0-4E49-4EA9-B8BA-FA123BCFFFB5}.Release|Any CPU.Build.0 = Release|Any CPU
		{FF057BD6-5712-4EBB-8FD8-877CE37FA2F8}.Debug|Any CPU.ActiveCfg = Debug|Any CPU
		{FF057BD6-5712-4EBB-8FD8-877CE37FA2F8}.Debug|Any CPU.Build.0 = Debug|Any CPU
		{FF057BD6-5712-4EBB-8FD8-877CE37FA2F8}.Release|Any CPU.ActiveCfg = Release|Any CPU
		{FF057BD6-5712-4EBB-8FD8-877CE37FA2F8}.Release|Any CPU.Build.0 = Release|Any CPU
		{6EF62E35-6BAC-44F3-91F6-49E2BA32B4CA}.Debug|Any CPU.ActiveCfg = Debug|Any CPU
		{6EF62E35-6BAC-44F3-91F6-49E2BA32B4CA}.Debug|Any CPU.Build.0 = Debug|Any CPU
		{6EF62E35-6BAC-44F3-91F6-49E2BA32B4CA}.Release|Any CPU.ActiveCfg = Release|Any CPU
		{6EF62E35-6BAC-44F3-91F6-49E2BA32B4CA}.Release|Any CPU.Build.0 = Release|Any CPU
		{45413337-F7C2-4E16-9D90-2430CA33D9D8}.Debug|Any CPU.ActiveCfg = Debug|Any CPU
		{45413337-F7C2-4E16-9D90-2430CA33D9D8}.Debug|Any CPU.Build.0 = Debug|Any CPU
		{45413337-F7C2-4E16-9D90-2430CA33D9D8}.Release|Any CPU.ActiveCfg = Release|Any CPU
		{45413337-F7C2-4E16-9D90-2430CA33D9D8}.Release|Any CPU.Build.0 = Release|Any CPU
		{8019ED07-BF91-41DC-9B10-3CF62D8273EA}.Debug|Any CPU.ActiveCfg = Debug|Any CPU
		{8019ED07-BF91-41DC-9B10-3CF62D8273EA}.Debug|Any CPU.Build.0 = Debug|Any CPU
		{8019ED07-BF91-41DC-9B10-3CF62D8273EA}.Release|Any CPU.ActiveCfg = Release|Any CPU
		{8019ED07-BF91-41DC-9B10-3CF62D8273EA}.Release|Any CPU.Build.0 = Release|Any CPU
	EndGlobalSection
	GlobalSection(SolutionProperties) = preSolution
		HideSolutionNode = FALSE
	EndGlobalSection
	GlobalSection(NestedProjects) = preSolution
		{B569BD0B-F7ED-458F-B929-2152D372528E} = {606346BD-26FF-4AC5-8961-D26C3CF4166D}
		{0A6D5EED-466F-49C5-9943-1AF12A674C0B} = {606346BD-26FF-4AC5-8961-D26C3CF4166D}
		{AADA84D3-A488-45DB-9AB1-844F3F1AA5BB} = {0A6D5EED-466F-49C5-9943-1AF12A674C0B}
		{53527F48-A1BC-4A9C-834A-5032177CF9FF} = {0A6D5EED-466F-49C5-9943-1AF12A674C0B}
		{26D5FFBA-EDEC-48FF-9DCB-84B57469C988} = {AADA84D3-A488-45DB-9AB1-844F3F1AA5BB}
		{A26BF4A0-4E49-4EA9-B8BA-FA123BCFFFB5} = {AADA84D3-A488-45DB-9AB1-844F3F1AA5BB}
		{FF057BD6-5712-4EBB-8FD8-877CE37FA2F8} = {AADA84D3-A488-45DB-9AB1-844F3F1AA5BB}
		{6EF62E35-6BAC-44F3-91F6-49E2BA32B4CA} = {53527F48-A1BC-4A9C-834A-5032177CF9FF}
		{45413337-F7C2-4E16-9D90-2430CA33D9D8} = {53527F48-A1BC-4A9C-834A-5032177CF9FF}
		{8019ED07-BF91-41DC-9B10-3CF62D8273EA} = {0A6D5EED-466F-49C5-9943-1AF12A674C0B}
	EndGlobalSection
	GlobalSection(ExtensibilityGlobals) = postSolution
		SolutionGuid = {84C52FEE-E180-46D3-9E81-9BA78D3D479C}
	EndGlobalSection
EndGlobal
